Microsoft Visual Studio Solution File, Format Version 12.00
# Visual Studio Version 17
VisualStudioVersion = 17.5.2.0
MinimumVisualStudioVersion = 10.0.40219.1
Project("{FAE04EC0-301F-11D3-BF4B-00C04F79EFBC}") = "Examen-Unidad-3-Patrones", "Examen-Unidad-3-Patrones.csproj", "{0BAA3786-5995-FEC3-906D-20325D248754}"
EndProject
Global
	GlobalSection(SolutionConfigurationPlatforms) = preSolution
		Debug|Any CPU = Debug|Any CPU
		Release|Any CPU = Release|Any CPU
	EndGlobalSection
	GlobalSection(ProjectConfigurationPlatforms) = postSolution
		{0BAA3786-5995-FEC3-906D-20325D248754}.Debug|Any CPU.ActiveCfg = Debug|Any CPU
		{0BAA3786-5995-FEC3-906D-20325D248754}.Debug|Any CPU.Build.0 = Debug|Any CPU
		{0BAA3786-5995-FEC3-906D-20325D248754}.Release|Any CPU.ActiveCfg = Release|Any CPU
		{0BAA3786-5995-FEC3-906D-20325D248754}.Release|Any CPU.Build.0 = Release|Any CPU
	EndGlobalSection
	GlobalSection(SolutionProperties) = preSolution
		HideSolutionNode = FALSE
	EndGlobalSection
	GlobalSection(ExtensibilityGlobals) = postSolution
		SolutionGuid = {8BCBC879-D95B-48D9-AAB9-AA65934C2D67}
	EndGlobalSection
EndGlobal
